
Microsoft Visual Studio Solution File, Format Version 12.00
# Visual Studio Version 17
VisualStudioVersion = 17.7.34031.279
MinimumVisualStudioVersion = 10.0.40219.1
Project("{FAE04EC0-301F-11D3-BF4B-00C04F79EFBC}") = "frazione", "frazione\frazione.csproj", "{F8E06CFB-A7AE-4011-922F-BBE15CF0190B}"
EndProject
Global
	GlobalSection(SolutionConfigurationPlatforms) = preSolution
		Debug|Any CPU = Debug|Any CPU
		Release|Any CPU = Release|Any CPU
	EndGlobalSection
	GlobalSection(ProjectConfigurationPlatforms) = postSolution
		{F8E06CFB-A7AE-4011-922F-BBE15CF0190B}.Debug|Any CPU.ActiveCfg = Debug|Any CPU
		{F8E06CFB-A7AE-4011-922F-BBE15CF0190B}.Debug|Any CPU.Build.0 = Debug|Any CPU
		{F8E06CFB-A7AE-4011-922F-BBE15CF0190B}.Release|Any CPU.ActiveCfg = Release|Any CPU
		{F8E06CFB-A7AE-4011-922F-BBE15CF0190B}.Release|Any CPU.Build.0 = Release|Any CPU
	EndGlobalSection
	GlobalSection(SolutionProperties) = preSolution
		HideSolutionNode = FALSE
	EndGlobalSection
	GlobalSection(ExtensibilityGlobals) = postSolution
		SolutionGuid = {DF483A84-7F7D-4B28-81D7-114E755151F7}
	EndGlobalSection
EndGlobal
